
Microsoft Visual Studio Solution File, Format Version 12.00
# Visual Studio Version 16
VisualStudioVersion = 16.0.30225.117
MinimumVisualStudioVersion = 10.0.40219.1
Project("{FAE04EC0-301F-11D3-BF4B-00C04F79EFBC}") = "PatchGameKey", "PatchGameKey\PatchGameKey.csproj", "{2FBF6E9D-001E-4DBF-B92D-A134B70A3301}"
EndProject
Global
	GlobalSection(SolutionConfigurationPlatforms) = preSolution
		Debug|Any CPU = Debug|Any CPU
		Debug|x64 = Debug|x64
		Release|Any CPU = Release|Any CPU
		Release|x64 = Release|x64
	EndGlobalSection
	GlobalSection(ProjectConfigurationPlatforms) = postSolution
		{2FBF6E9D-001E-4DBF-B92D-A134B70A3301}.Debug|Any CPU.ActiveCfg = Debug|Any CPU
		{2FBF6E9D-001E-4DBF-B92D-A134B70A3301}.Debug|Any CPU.Build.0 = Debug|Any CPU
		{2FBF6E9D-001E-4DBF-B92D-A134B70A3301}.Debug|x64.ActiveCfg = Debug|x64
		{2FBF6E9D-001E-4DBF-B92D-A134B70A3301}.Debug|x64.Build.0 = Debug|x64
		{2FBF6E9D-001E-4DBF-B92D-A134B70A3301}.Release|Any CPU.ActiveCfg = Release|Any CPU
		{2FBF6E9D-001E-4DBF-B92D-A134B70A3301}.Release|Any CPU.Build.0 = Release|Any CPU
		{2FBF6E9D-001E-4DBF-B92D-A134B70A3301}.Release|x64.ActiveCfg = Release|x64
		{2FBF6E9D-001E-4DBF-B92D-A134B70A3301}.Release|x64.Build.0 = Release|x64
	EndGlobalSection
	GlobalSection(SolutionProperties) = preSolution
		HideSolutionNode = FALSE
	EndGlobalSection
	GlobalSection(ExtensibilityGlobals) = postSolution
		SolutionGuid = {6DEF13AF-61DB-4594-B04B-8B06AA7ABB2B}
	EndGlobalSection
EndGlobal
